// !$*UTF8*$!
{
	archiveVersion = 1;
	classes = {
	};
	objectVersion = 46;
	objects = {

/* Begin PBXBuildFile section */
		3C36B08946500F6DC007A69F /* libPods.a in Frameworks */ = {isa = PBXBuildFile; fileRef = 904CEEBC3DE1475FE14A0222 /* libPods.a */; };
		CC11FD551C718A2400CB4073 /* VLDistanceAnnotation.m in Sources */ = {isa = PBXBuildFile; fileRef = CC11FD541C718A2400CB4073 /* VLDistanceAnnotation.m */; };
		CC11FD581C718E3400CB4073 /* VLTaggedPointAnnotation.m in Sources */ = {isa = PBXBuildFile; fileRef = CC11FD571C718E3400CB4073 /* VLTaggedPointAnnotation.m */; };
		CC11FD5A1C71DEC200CB4073 /* VLVenueCardPresenterTestCase.m in Sources */ = {isa = PBXBuildFile; fileRef = CC11FD591C71DEC200CB4073 /* VLVenueCardPresenterTestCase.m */; };
		CC4BFED91C6FA0D200728483 /* main.m in Sources */ = {isa = PBXBuildFile; fileRef = CC4BFED81C6FA0D200728483 /* main.m */; };
		CC4BFEDC1C6FA0D200728483 /* AppDelegate.m in Sources */ = {isa = PBXBuildFile; fileRef = CC4BFEDB1C6FA0D200728483 /* AppDelegate.m */; };
		CC4BFEE21C6FA0D200728483 /* Main.storyboard in Resources */ = {isa = PBXBuildFile; fileRef = CC4BFEE01C6FA0D200728483 /* Main.storyboard */; };
		CC4BFEE41C6FA0D200728483 /* Assets.xcassets in Resources */ = {isa = PBXBuildFile; fileRef = CC4BFEE31C6FA0D200728483 /* Assets.xcassets */; };
		CC4BFEE71C6FA0D200728483 /* LaunchScreen.storyboard in Resources */ = {isa = PBXBuildFile; fileRef = CC4BFEE51C6FA0D200728483 /* LaunchScreen.storyboard */; };
		CC4BFEF21C6FA0D200728483 /* VenueLocatorTests.m in Sources */ = {isa = PBXBuildFile; fileRef = CC4BFEF11C6FA0D200728483 /* VenueLocatorTests.m */; };
		CC4BFEFD1C6FA0D200728483 /* VenueLocatorUITests.m in Sources */ = {isa = PBXBuildFile; fileRef = CC4BFEFC1C6FA0D200728483 /* VenueLocatorUITests.m */; };
		CC4BFF1D1C6FB01D00728483 /* VLSearchViewController.m in Sources */ = {isa = PBXBuildFile; fileRef = CC4BFF191C6FB01D00728483 /* VLSearchViewController.m */; };
		CC4BFF1E1C6FB01D00728483 /* VLVenueCardCell.m in Sources */ = {isa = PBXBuildFile; fileRef = CC4BFF1C1C6FB01D00728483 /* VLVenueCardCell.m */; };
		CC4BFF211C6FBE6E00728483 /* VLVenue.m in Sources */ = {isa = PBXBuildFile; fileRef = CC4BFF201C6FBE6E00728483 /* VLVenue.m */; };
		CC4BFF241C6FBE8300728483 /* VLIcon.m in Sources */ = {isa = PBXBuildFile; fileRef = CC4BFF231C6FBE8300728483 /* VLIcon.m */; };
		CC4BFF271C6FBF5900728483 /* VLBaseModel.m in Sources */ = {isa = PBXBuildFile; fileRef = CC4BFF261C6FBF5900728483 /* VLBaseModel.m */; };
		CC4BFF2B1C6FC57C00728483 /* VLVenueCardPresenter.m in Sources */ = {isa = PBXBuildFile; fileRef = CC4BFF2A1C6FC57C00728483 /* VLVenueCardPresenter.m */; };
		CC4BFF301C6FFAEB00728483 /* VLSearchPresenter.m in Sources */ = {isa = PBXBuildFile; fileRef = CC4BFF2F1C6FFAEB00728483 /* VLSearchPresenter.m */; };
		CC4BFF331C6FFB3300728483 /* VLVenueList.m in Sources */ = {isa = PBXBuildFile; fileRef = CC4BFF321C6FFB3300728483 /* VLVenueList.m */; };
		CC4BFF361C700EB200728483 /* VLAPIClient.m in Sources */ = {isa = PBXBuildFile; fileRef = CC4BFF351C700EB200728483 /* VLAPIClient.m */; };
		CC4BFF3C1C70BD7500728483 /* NSArray+VenueLocator.m in Sources */ = {isa = PBXBuildFile; fileRef = CC4BFF3B1C70BD7500728483 /* NSArray+VenueLocator.m */; };
		CC4BFF3F1C710AC400728483 /* VLLocation.m in Sources */ = {isa = PBXBuildFile; fileRef = CC4BFF3E1C710AC400728483 /* VLLocation.m */; };
		CC4BFF421C711B2700728483 /* VLLocationManager.m in Sources */ = {isa = PBXBuildFile; fileRef = CC4BFF411C711B2700728483 /* VLLocationManager.m */; };
		CC4BFF441C7133CB00728483 /* MapKit.framework in Frameworks */ = {isa = PBXBuildFile; fileRef = CC4BFF431C7133CB00728483 /* MapKit.framework */; };
		CC4BFF471C7142B400728483 /* VLVenueDetailViewController.m in Sources */ = {isa = PBXBuildFile; fileRef = CC4BFF461C7142B400728483 /* VLVenueDetailViewController.m */; };
		CC4BFF4A1C71486800728483 /* VLVenueDetailPresenter.m in Sources */ = {isa = PBXBuildFile; fileRef = CC4BFF491C71486800728483 /* VLVenueDetailPresenter.m */; };
		CC761B6C1C71582100613EDC /* VLVenueDetailInfoTableViewCell.m in Sources */ = {isa = PBXBuildFile; fileRef = CC761B6B1C71582100613EDC /* VLVenueDetailInfoTableViewCell.m */; };
		CC761B6F1C71583B00613EDC /* VLVenueDetailDescriptionTableViewCell.m in Sources */ = {isa = PBXBuildFile; fileRef = CC761B6E1C71583B00613EDC /* VLVenueDetailDescriptionTableViewCell.m */; };
		CC761B721C71584C00613EDC /* VLVenueDetailMapTableViewCell.m in Sources */ = {isa = PBXBuildFile; fileRef = CC761B711C71584C00613EDC /* VLVenueDetailMapTableViewCell.m */; };
		CC761B751C7159F600613EDC /* VLCompleteVenue.m in Sources */ = {isa = PBXBuildFile; fileRef = CC761B741C7159F600613EDC /* VLCompleteVenue.m */; };
		CC761B781C716A2500613EDC /* VLVenueDetailInfoPresenter.m in Sources */ = {isa = PBXBuildFile; fileRef = CC761B771C716A2500613EDC /* VLVenueDetailInfoPresenter.m */; };
		CC761B7B1C716A3E00613EDC /* VLVenueDetailDescriptionPresenter.m in Sources */ = {isa = PBXBuildFile; fileRef = CC761B7A1C716A3E00613EDC /* VLVenueDetailDescriptionPresenter.m */; };
		CC761B7E1C716A5100613EDC /* VLVenueDetailMapPresenter.m in Sources */ = {isa = PBXBuildFile; fileRef = CC761B7D1C716A5100613EDC /* VLVenueDetailMapPresenter.m */; };
/* End PBXBuildFile section */

/* Begin PBXContainerItemProxy section */
		CC4BFEEE1C6FA0D200728483 /* PBXContainerItemProxy */ = {
			isa = PBXContainerItemProxy;
			containerPortal = CC4BFECC1C6FA0D200728483 /* Project object */;
			proxyType = 1;
			remoteGlobalIDString = CC4BFED31C6FA0D200728483;
			remoteInfo = VenueLocator;
		};
		CC4BFEF91C6FA0D200728483 /* PBXContainerItemProxy */ = {
			isa = PBXContainerItemProxy;
			containerPortal = CC4BFECC1C6FA0D200728483 /* Project object */;
			proxyType = 1;
			remoteGlobalIDString = CC4BFED31C6FA0D200728483;
			remoteInfo = VenueLocator;
		};
/* End PBXContainerItemProxy section */

/* Begin PBXFileReference section */
		2351648B040D9AF10145B969 /* Pods.debug.xcconfig */ = {isa = PBXFileReference; includeInIndex = 1; lastKnownFileType = text.xcconfig; name = Pods.debug.xcconfig; path = "Pods/Target Support Files/Pods/Pods.debug.xcconfig"; sourceTree = "<group>"; };
		904CEEBC3DE1475FE14A0222 /* libPods.a */ = {isa = PBXFileReference; explicitFileType = archive.ar; includeInIndex = 0; path = libPods.a; sourceTree = BUILT_PRODUCTS_DIR; };
		CC11FD531C718A2400CB4073 /* VLDistanceAnnotation.h */ = {isa = PBXFileReference; fileEncoding = 4; lastKnownFileType = sourcecode.c.h; path = VLDistanceAnnotation.h; sourceTree = "<group>"; };
		CC11FD541C718A2400CB4073 /* VLDistanceAnnotation.m */ = {isa = PBXFileReference; fileEncoding = 4; lastKnownFileType = sourcecode.c.objc; path = VLDistanceAnnotation.m; sourceTree = "<group>"; };
		CC11FD561C718E3400CB4073 /* VLTaggedPointAnnotation.h */ = {isa = PBXFileReference; fileEncoding = 4; lastKnownFileType = sourcecode.c.h; path = VLTaggedPointAnnotation.h; sourceTree = "<group>"; };
		CC11FD571C718E3400CB4073 /* VLTaggedPointAnnotation.m */ = {isa = PBXFileReference; fileEncoding = 4; lastKnownFileType = sourcecode.c.objc; path = VLTaggedPointAnnotation.m; sourceTree = "<group>"; };
		CC11FD591C71DEC200CB4073 /* VLVenueCardPresenterTestCase.m */ = {isa = PBXFileReference; fileEncoding = 4; lastKnownFileType = sourcecode.c.objc; path = VLVenueCardPresenterTestCase.m; sourceTree = "<group>"; };
		CC4BFED41C6FA0D200728483 /* VenueLocator.app */ = {isa = PBXFileReference; explicitFileType = wrapper.application; includeInIndex = 0; path = VenueLocator.app; sourceTree = BUILT_PRODUCTS_DIR; };
		CC4BFED81C6FA0D200728483 /* main.m */ = {isa = PBXFileReference; lastKnownFileType = sourcecode.c.objc; path = main.m; sourceTree = "<group>"; };
		CC4BFEDA1C6FA0D200728483 /* AppDelegate.h */ = {isa = PBXFileReference; lastKnownFileType = sourcecode.c.h; path = AppDelegate.h; sourceTree = "<group>"; };
		CC4BFEDB1C6FA0D200728483 /* AppDelegate.m */ = {isa = PBXFileReference; lastKnownFileType = sourcecode.c.objc; path = AppDelegate.m; sourceTree = "<group>"; };
		CC4BFEE11C6FA0D200728483 /* Base */ = {isa = PBXFileReference; lastKnownFileType = file.storyboard; name = Base; path = Base.lproj/Main.storyboard; sourceTree = "<group>"; };
		CC4BFEE31C6FA0D200728483 /* Assets.xcassets */ = {isa = PBXFileReference; lastKnownFileType = folder.assetcatalog; path = Assets.xcassets; sourceTree = "<group>"; };
		CC4BFEE61C6FA0D200728483 /* Base */ = {isa = PBXFileReference; lastKnownFileType = file.storyboard; name = Base; path = Base.lproj/LaunchScreen.storyboard; sourceTree = "<group>"; };
		CC4BFEE81C6FA0D200728483 /* Info.plist */ = {isa = PBXFileReference; lastKnownFileType = text.plist.xml; path = Info.plist; sourceTree = "<group>"; };
		CC4BFEED1C6FA0D200728483 /* VenueLocatorTests.xctest */ = {isa = PBXFileReference; explicitFileType = wrapper.cfbundle; includeInIndex = 0; path = VenueLocatorTests.xctest; sourceTree = BUILT_PRODUCTS_DIR; };
		CC4BFEF11C6FA0D200728483 /* VenueLocatorTests.m */ = {isa = PBXFileReference; lastKnownFileType = sourcecode.c.objc; path = VenueLocatorTests.m; sourceTree = "<group>"; };
		CC4BFEF31C6FA0D200728483 /* Info.plist */ = {isa = PBXFileReference; lastKnownFileType = text.plist.xml; path = Info.plist; sourceTree = "<group>"; };
		CC4BFEF81C6FA0D200728483 /* VenueLocatorUITests.xctest */ = {isa = PBXFileReference; explicitFileType = wrapper.cfbundle; includeInIndex = 0; path = VenueLocatorUITests.xctest; sourceTree = BUILT_PRODUCTS_DIR; };
		CC4BFEFC1C6FA0D200728483 /* VenueLocatorUITests.m */ = {isa = PBXFileReference; lastKnownFileType = sourcecode.c.objc; path = VenueLocatorUITests.m; sourceTree = "<group>"; };
		CC4BFEFE1C6FA0D200728483 /* Info.plist */ = {isa = PBXFileReference; lastKnownFileType = text.plist.xml; path = Info.plist; sourceTree = "<group>"; };
		CC4BFF181C6FB01D00728483 /* VLSearchViewController.h */ = {isa = PBXFileReference; fileEncoding = 4; lastKnownFileType = sourcecode.c.h; path = VLSearchViewController.h; sourceTree = "<group>"; };
		CC4BFF191C6FB01D00728483 /* VLSearchViewController.m */ = {isa = PBXFileReference; fileEncoding = 4; lastKnownFileType = sourcecode.c.objc; path = VLSearchViewController.m; sourceTree = "<group>"; };
		CC4BFF1B1C6FB01D00728483 /* VLVenueCardCell.h */ = {isa = PBXFileReference; fileEncoding = 4; lastKnownFileType = sourcecode.c.h; path = VLVenueCardCell.h; sourceTree = "<group>"; };
		CC4BFF1C1C6FB01D00728483 /* VLVenueCardCell.m */ = {isa = PBXFileReference; fileEncoding = 4; lastKnownFileType = sourcecode.c.objc; path = VLVenueCardCell.m; sourceTree = "<group>"; };
		CC4BFF1F1C6FBE6E00728483 /* VLVenue.h */ = {isa = PBXFileReference; fileEncoding = 4; lastKnownFileType = sourcecode.c.h; path = VLVenue.h; sourceTree = "<group>"; };
		CC4BFF201C6FBE6E00728483 /* VLVenue.m */ = {isa = PBXFileReference; fileEncoding = 4; lastKnownFileType = sourcecode.c.objc; path = VLVenue.m; sourceTree = "<group>"; };
		CC4BFF221C6FBE8300728483 /* VLIcon.h */ = {isa = PBXFileReference; fileEncoding = 4; lastKnownFileType = sourcecode.c.h; path = VLIcon.h; sourceTree = "<group>"; };
		CC4BFF231C6FBE8300728483 /* VLIcon.m */ = {isa = PBXFileReference; fileEncoding = 4; lastKnownFileType = sourcecode.c.objc; path = VLIcon.m; sourceTree = "<group>"; };
		CC4BFF251C6FBF5900728483 /* VLBaseModel.h */ = {isa = PBXFileReference; fileEncoding = 4; lastKnownFileType = sourcecode.c.h; path = VLBaseModel.h; sourceTree = "<group>"; };
		CC4BFF261C6FBF5900728483 /* VLBaseModel.m */ = {isa = PBXFileReference; fileEncoding = 4; lastKnownFileType = sourcecode.c.objc; path = VLBaseModel.m; sourceTree = "<group>"; };
		CC4BFF281C6FC3F100728483 /* VLPresenterProtocol.h */ = {isa = PBXFileReference; fileEncoding = 4; lastKnownFileType = sourcecode.c.h; path = VLPresenterProtocol.h; sourceTree = "<group>"; };
		CC4BFF291C6FC57C00728483 /* VLVenueCardPresenter.h */ = {isa = PBXFileReference; fileEncoding = 4; lastKnownFileType = sourcecode.c.h; path = VLVenueCardPresenter.h; sourceTree = "<group>"; };
		CC4BFF2A1C6FC57C00728483 /* VLVenueCardPresenter.m */ = {isa = PBXFileReference; fileEncoding = 4; lastKnownFileType = sourcecode.c.objc; path = VLVenueCardPresenter.m; sourceTree = "<group>"; };
		CC4BFF2C1C6FF31000728483 /* VenueLocator.pch */ = {isa = PBXFileReference; fileEncoding = 4; lastKnownFileType = sourcecode.c.h; path = VenueLocator.pch; sourceTree = "<group>"; };
		CC4BFF2E1C6FFAEB00728483 /* VLSearchPresenter.h */ = {isa = PBXFileReference; fileEncoding = 4; lastKnownFileType = sourcecode.c.h; path = VLSearchPresenter.h; sourceTree = "<group>"; };
		CC4BFF2F1C6FFAEB00728483 /* VLSearchPresenter.m */ = {isa = PBXFileReference; fileEncoding = 4; lastKnownFileType = sourcecode.c.objc; path = VLSearchPresenter.m; sourceTree = "<group>"; };
		CC4BFF311C6FFB3300728483 /* VLVenueList.h */ = {isa = PBXFileReference; fileEncoding = 4; lastKnownFileType = sourcecode.c.h; path = VLVenueList.h; sourceTree = "<group>"; };
		CC4BFF321C6FFB3300728483 /* VLVenueList.m */ = {isa = PBXFileReference; fileEncoding = 4; lastKnownFileType = sourcecode.c.objc; path = VLVenueList.m; sourceTree = "<group>"; };
		CC4BFF341C700EB200728483 /* VLAPIClient.h */ = {isa = PBXFileReference; fileEncoding = 4; lastKnownFileType = sourcecode.c.h; path = VLAPIClient.h; sourceTree = "<group>"; };
		CC4BFF351C700EB200728483 /* VLAPIClient.m */ = {isa = PBXFileReference; fileEncoding = 4; lastKnownFileType = sourcecode.c.objc; path = VLAPIClient.m; sourceTree = "<group>"; };
		CC4BFF381C70B70000728483 /* VenueLocatorKeys.h */ = {isa = PBXFileReference; fileEncoding = 4; lastKnownFileType = sourcecode.c.h; path = VenueLocatorKeys.h; sourceTree = SOURCE_ROOT; };
		CC4BFF3A1C70BD7500728483 /* NSArray+VenueLocator.h */ = {isa = PBXFileReference; fileEncoding = 4; lastKnownFileType = sourcecode.c.h; path = "NSArray+VenueLocator.h"; sourceTree = "<group>"; };
		CC4BFF3B1C70BD7500728483 /* NSArray+VenueLocator.m */ = {isa = PBXFileReference; fileEncoding = 4; lastKnownFileType = sourcecode.c.objc; path = "NSArray+VenueLocator.m"; sourceTree = "<group>"; };
		CC4BFF3D1C710AC400728483 /* VLLocation.h */ = {isa = PBXFileReference; fileEncoding = 4; lastKnownFileType = sourcecode.c.h; path = VLLocation.h; sourceTree = "<group>"; };
		CC4BFF3E1C710AC400728483 /* VLLocation.m */ = {isa = PBXFileReference; fileEncoding = 4; lastKnownFileType = sourcecode.c.objc; path = VLLocation.m; sourceTree = "<group>"; };
		CC4BFF401C711B2700728483 /* VLLocationManager.h */ = {isa = PBXFileReference; fileEncoding = 4; lastKnownFileType = sourcecode.c.h; path = VLLocationManager.h; sourceTree = "<group>"; };
		CC4BFF411C711B2700728483 /* VLLocationManager.m */ = {isa = PBXFileReference; fileEncoding = 4; lastKnownFileType = sourcecode.c.objc; path = VLLocationManager.m; sourceTree = "<group>"; };
		CC4BFF431C7133CB00728483 /* MapKit.framework */ = {isa = PBXFileReference; lastKnownFileType = wrapper.framework; name = MapKit.framework; path = System/Library/Frameworks/MapKit.framework; sourceTree = SDKROOT; };
		CC4BFF451C7142B400728483 /* VLVenueDetailViewController.h */ = {isa = PBXFileReference; fileEncoding = 4; lastKnownFileType = sourcecode.c.h; path = VLVenueDetailViewController.h; sourceTree = "<group>"; };
		CC4BFF461C7142B400728483 /* VLVenueDetailViewController.m */ = {isa = PBXFileReference; fileEncoding = 4; lastKnownFileType = sourcecode.c.objc; path = VLVenueDetailViewController.m; sourceTree = "<group>"; };
		CC4BFF481C71486800728483 /* VLVenueDetailPresenter.h */ = {isa = PBXFileReference; fileEncoding = 4; lastKnownFileType = sourcecode.c.h; path = VLVenueDetailPresenter.h; sourceTree = "<group>"; };
		CC4BFF491C71486800728483 /* VLVenueDetailPresenter.m */ = {isa = PBXFileReference; fileEncoding = 4; lastKnownFileType = sourcecode.c.objc; path = VLVenueDetailPresenter.m; sourceTree = "<group>"; };
		CC761B6A1C71582100613EDC /* VLVenueDetailInfoTableViewCell.h */ = {isa = PBXFileReference; fileEncoding = 4; lastKnownFileType = sourcecode.c.h; path = VLVenueDetailInfoTableViewCell.h; sourceTree = "<group>"; };
		CC761B6B1C71582100613EDC /* VLVenueDetailInfoTableViewCell.m */ = {isa = PBXFileReference; fileEncoding = 4; lastKnownFileType = sourcecode.c.objc; path = VLVenueDetailInfoTableViewCell.m; sourceTree = "<group>"; };
		CC761B6D1C71583B00613EDC /* VLVenueDetailDescriptionTableViewCell.h */ = {isa = PBXFileReference; fileEncoding = 4; lastKnownFileType = sourcecode.c.h; path = VLVenueDetailDescriptionTableViewCell.h; sourceTree = "<group>"; };
		CC761B6E1C71583B00613EDC /* VLVenueDetailDescriptionTableViewCell.m */ = {isa = PBXFileReference; fileEncoding = 4; lastKnownFileType = sourcecode.c.objc; path = VLVenueDetailDescriptionTableViewCell.m; sourceTree = "<group>"; };
		CC761B701C71584C00613EDC /* VLVenueDetailMapTableViewCell.h */ = {isa = PBXFileReference; fileEncoding = 4; lastKnownFileType = sourcecode.c.h; path = VLVenueDetailMapTableViewCell.h; sourceTree = "<group>"; };
		CC761B711C71584C00613EDC /* VLVenueDetailMapTableViewCell.m */ = {isa = PBXFileReference; fileEncoding = 4; lastKnownFileType = sourcecode.c.objc; path = VLVenueDetailMapTableViewCell.m; sourceTree = "<group>"; };
		CC761B731C7159F600613EDC /* VLCompleteVenue.h */ = {isa = PBXFileReference; fileEncoding = 4; lastKnownFileType = sourcecode.c.h; path = VLCompleteVenue.h; sourceTree = "<group>"; };
		CC761B741C7159F600613EDC /* VLCompleteVenue.m */ = {isa = PBXFileReference; fileEncoding = 4; lastKnownFileType = sourcecode.c.objc; path = VLCompleteVenue.m; sourceTree = "<group>"; };
		CC761B761C716A2500613EDC /* VLVenueDetailInfoPresenter.h */ = {isa = PBXFileReference; fileEncoding = 4; lastKnownFileType = sourcecode.c.h; path = VLVenueDetailInfoPresenter.h; sourceTree = "<group>"; };
		CC761B771C716A2500613EDC /* VLVenueDetailInfoPresenter.m */ = {isa = PBXFileReference; fileEncoding = 4; lastKnownFileType = sourcecode.c.objc; path = VLVenueDetailInfoPresenter.m; sourceTree = "<group>"; };
		CC761B791C716A3E00613EDC /* VLVenueDetailDescriptionPresenter.h */ = {isa = PBXFileReference; fileEncoding = 4; lastKnownFileType = sourcecode.c.h; path = VLVenueDetailDescriptionPresenter.h; sourceTree = "<group>"; };
		CC761B7A1C716A3E00613EDC /* VLVenueDetailDescriptionPresenter.m */ = {isa = PBXFileReference; fileEncoding = 4; lastKnownFileType = sourcecode.c.objc; path = VLVenueDetailDescriptionPresenter.m; sourceTree = "<group>"; };
		CC761B7C1C716A5100613EDC /* VLVenueDetailMapPresenter.h */ = {isa = PBXFileReference; fileEncoding = 4; lastKnownFileType = sourcecode.c.h; path = VLVenueDetailMapPresenter.h; sourceTree = "<group>"; };
		CC761B7D1C716A5100613EDC /* VLVenueDetailMapPresenter.m */ = {isa = PBXFileReference; fileEncoding = 4; lastKnownFileType = sourcecode.c.objc; path = VLVenueDetailMapPresenter.m; sourceTree = "<group>"; };
		CCB23D5C1C730D1300D6CAF9 /* VLSearchSourceProtocol.h */ = {isa = PBXFileReference; fileEncoding = 4; lastKnownFileType = sourcecode.c.h; path = VLSearchSourceProtocol.h; sourceTree = "<group>"; };
		CCB23D5D1C7319BA00D6CAF9 /* VLVenueDetailSourceProtocol.h */ = {isa = PBXFileReference; fileEncoding = 4; lastKnownFileType = sourcecode.c.h; path = VLVenueDetailSourceProtocol.h; sourceTree = "<group>"; };
		E2A3E4C18F0DD0256A0E33F7 /* Pods.release.xcconfig */ = {isa = PBXFileReference; includeInIndex = 1; lastKnownFileType = text.xcconfig; name = Pods.release.xcconfig; path = "Pods/Target Support Files/Pods/Pods.release.xcconfig"; sourceTree = "<group>"; };
/* End PBXFileReference section */

/* Begin PBXFrameworksBuildPhase section */
		CC4BFED11C6FA0D200728483 /* Frameworks */ = {
			isa = PBXFrameworksBuildPhase;
			buildActionMask = 2147483647;
			files = (
				CC4BFF441C7133CB00728483 /* MapKit.framework in Frameworks */,
				3C36B08946500F6DC007A69F /* libPods.a in Frameworks */,
			);
			runOnlyForDeploymentPostprocessing = 0;
		};
		CC4BFEEA1C6FA0D200728483 /* Frameworks */ = {
			isa = PBXFrameworksBuildPhase;
			buildActionMask = 2147483647;
			files = (
			);
			runOnlyForDeploymentPostprocessing = 0;
		};
		CC4BFEF51C6FA0D200728483 /* Frameworks */ = {
			isa = PBXFrameworksBuildPhase;
			buildActionMask = 2147483647;
			files = (
			);
			runOnlyForDeploymentPostprocessing = 0;
		};
/* End PBXFrameworksBuildPhase section */

/* Begin PBXGroup section */
		3D2659A85D8632372555639D /* Pods */ = {
			isa = PBXGroup;
			children = (
				2351648B040D9AF10145B969 /* Pods.debug.xcconfig */,
				E2A3E4C18F0DD0256A0E33F7 /* Pods.release.xcconfig */,
			);
			name = Pods;
			sourceTree = "<group>";
		};
		CC4BFECB1C6FA0D200728483 = {
			isa = PBXGroup;
			children = (
				CC4BFED61C6FA0D200728483 /* VenueLocator */,
				CC4BFEF01C6FA0D200728483 /* VenueLocatorTests */,
				CC4BFEFB1C6FA0D200728483 /* VenueLocatorUITests */,
				CC4BFED51C6FA0D200728483 /* Products */,
				3D2659A85D8632372555639D /* Pods */,
				EAF7243A4E1F4566EFC4E096 /* Frameworks */,
			);
			sourceTree = "<group>";
		};
		CC4BFED51C6FA0D200728483 /* Products */ = {
			isa = PBXGroup;
			children = (
				CC4BFED41C6FA0D200728483 /* VenueLocator.app */,
				CC4BFEED1C6FA0D200728483 /* VenueLocatorTests.xctest */,
				CC4BFEF81C6FA0D200728483 /* VenueLocatorUITests.xctest */,
			);
			name = Products;
			sourceTree = "<group>";
		};
		CC4BFED61C6FA0D200728483 /* VenueLocator */ = {
			isa = PBXGroup;
			children = (
				CC4BFF391C70BD4C00728483 /* Helpers */,
				CC4BFF151C6FB01D00728483 /* Models */,
				CC4BFF161C6FB01D00728483 /* Presenters */,
				CC4BFF171C6FB01D00728483 /* ViewControllers */,
				CC4BFF1A1C6FB01D00728483 /* Views */,
				CC4BFEDA1C6FA0D200728483 /* AppDelegate.h */,
				CC4BFEDB1C6FA0D200728483 /* AppDelegate.m */,
				CC4BFEE01C6FA0D200728483 /* Main.storyboard */,
				CC4BFEE31C6FA0D200728483 /* Assets.xcassets */,
				CC4BFEE51C6FA0D200728483 /* LaunchScreen.storyboard */,
				CC4BFEE81C6FA0D200728483 /* Info.plist */,
				CC4BFED71C6FA0D200728483 /* Supporting Files */,
			);
			path = VenueLocator;
			sourceTree = "<group>";
		};
		CC4BFED71C6FA0D200728483 /* Supporting Files */ = {
			isa = PBXGroup;
			children = (
				CC4BFF381C70B70000728483 /* VenueLocatorKeys.h */,
				CC4BFED81C6FA0D200728483 /* main.m */,
				CC4BFF2C1C6FF31000728483 /* VenueLocator.pch */,
			);
			name = "Supporting Files";
			sourceTree = "<group>";
		};
		CC4BFEF01C6FA0D200728483 /* VenueLocatorTests */ = {
			isa = PBXGroup;
			children = (
				CC4BFEF11C6FA0D200728483 /* VenueLocatorTests.m */,
				CC4BFEF31C6FA0D200728483 /* Info.plist */,
				CC11FD591C71DEC200CB4073 /* VLVenueCardPresenterTestCase.m */,
			);
			path = VenueLocatorTests;
			sourceTree = "<group>";
		};
		CC4BFEFB1C6FA0D200728483 /* VenueLocatorUITests */ = {
			isa = PBXGroup;
			children = (
				CC4BFEFC1C6FA0D200728483 /* VenueLocatorUITests.m */,
				CC4BFEFE1C6FA0D200728483 /* Info.plist */,
			);
			path = VenueLocatorUITests;
			sourceTree = "<group>";
		};
		CC4BFF151C6FB01D00728483 /* Models */ = {
			isa = PBXGroup;
			children = (
				CCB23D5B1C730BD600D6CAF9 /* Protocols */,
				CC4BFF341C700EB200728483 /* VLAPIClient.h */,
				CC4BFF351C700EB200728483 /* VLAPIClient.m */,
				CC4BFF251C6FBF5900728483 /* VLBaseModel.h */,
				CC4BFF261C6FBF5900728483 /* VLBaseModel.m */,
				CC4BFF311C6FFB3300728483 /* VLVenueList.h */,
				CC4BFF321C6FFB3300728483 /* VLVenueList.m */,
				CC4BFF1F1C6FBE6E00728483 /* VLVenue.h */,
				CC4BFF201C6FBE6E00728483 /* VLVenue.m */,
				CC761B731C7159F600613EDC /* VLCompleteVenue.h */,
				CC761B741C7159F600613EDC /* VLCompleteVenue.m */,
				CC4BFF3D1C710AC400728483 /* VLLocation.h */,
				CC4BFF3E1C710AC400728483 /* VLLocation.m */,
				CC4BFF221C6FBE8300728483 /* VLIcon.h */,
				CC4BFF231C6FBE8300728483 /* VLIcon.m */,
			);
			path = Models;
			sourceTree = "<group>";
		};
		CC4BFF161C6FB01D00728483 /* Presenters */ = {
			isa = PBXGroup;
			children = (
				CC4BFF281C6FC3F100728483 /* VLPresenterProtocol.h */,
				CC4BFF291C6FC57C00728483 /* VLVenueCardPresenter.h */,
				CC4BFF2A1C6FC57C00728483 /* VLVenueCardPresenter.m */,
				CC4BFF2E1C6FFAEB00728483 /* VLSearchPresenter.h */,
				CC4BFF2F1C6FFAEB00728483 /* VLSearchPresenter.m */,
				CC4BFF481C71486800728483 /* VLVenueDetailPresenter.h */,
				CC4BFF491C71486800728483 /* VLVenueDetailPresenter.m */,
				CC761B761C716A2500613EDC /* VLVenueDetailInfoPresenter.h */,
				CC761B771C716A2500613EDC /* VLVenueDetailInfoPresenter.m */,
				CC761B791C716A3E00613EDC /* VLVenueDetailDescriptionPresenter.h */,
				CC761B7A1C716A3E00613EDC /* VLVenueDetailDescriptionPresenter.m */,
				CC761B7C1C716A5100613EDC /* VLVenueDetailMapPresenter.h */,
				CC761B7D1C716A5100613EDC /* VLVenueDetailMapPresenter.m */,
			);
			path = Presenters;
			sourceTree = "<group>";
		};
		CC4BFF171C6FB01D00728483 /* ViewControllers */ = {
			isa = PBXGroup;
			children = (
				CC4BFF181C6FB01D00728483 /* VLSearchViewController.h */,
				CC4BFF191C6FB01D00728483 /* VLSearchViewController.m */,
				CC4BFF451C7142B400728483 /* VLVenueDetailViewController.h */,
				CC4BFF461C7142B400728483 /* VLVenueDetailViewController.m */,
			);
			path = ViewControllers;
			sourceTree = "<group>";
		};
		CC4BFF1A1C6FB01D00728483 /* Views */ = {
			isa = PBXGroup;
			children = (
				CC4BFF1B1C6FB01D00728483 /* VLVenueCardCell.h */,
				CC4BFF1C1C6FB01D00728483 /* VLVenueCardCell.m */,
				CC761B6A1C71582100613EDC /* VLVenueDetailInfoTableViewCell.h */,
				CC761B6B1C71582100613EDC /* VLVenueDetailInfoTableViewCell.m */,
				CC761B6D1C71583B00613EDC /* VLVenueDetailDescriptionTableViewCell.h */,
				CC761B6E1C71583B00613EDC /* VLVenueDetailDescriptionTableViewCell.m */,
				CC761B701C71584C00613EDC /* VLVenueDetailMapTableViewCell.h */,
				CC761B711C71584C00613EDC /* VLVenueDetailMapTableViewCell.m */,
			);
			path = Views;
			sourceTree = "<group>";
		};
		CC4BFF391C70BD4C00728483 /* Helpers */ = {
			isa = PBXGroup;
			children = (
				CC4BFF3A1C70BD7500728483 /* NSArray+VenueLocator.h */,
				CC4BFF3B1C70BD7500728483 /* NSArray+VenueLocator.m */,
				CC4BFF401C711B2700728483 /* VLLocationManager.h */,
				CC4BFF411C711B2700728483 /* VLLocationManager.m */,
				CC11FD531C718A2400CB4073 /* VLDistanceAnnotation.h */,
				CC11FD541C718A2400CB4073 /* VLDistanceAnnotation.m */,
				CC11FD561C718E3400CB4073 /* VLTaggedPointAnnotation.h */,
				CC11FD571C718E3400CB4073 /* VLTaggedPointAnnotation.m */,
			);
			path = Helpers;
			sourceTree = "<group>";
		};
		CCB23D5B1C730BD600D6CAF9 /* Protocols */ = {
			isa = PBXGroup;
			children = (
				CCB23D5C1C730D1300D6CAF9 /* VLSearchSourceProtocol.h */,
				CCB23D5D1C7319BA00D6CAF9 /* VLVenueDetailSourceProtocol.h */,
			);
			name = Protocols;
			sourceTree = "<group>";
		};
		EAF7243A4E1F4566EFC4E096 /* Frameworks */ = {
			isa = PBXGroup;
			children = (
				CC4BFF431C7133CB00728483 /* MapKit.framework */,
				904CEEBC3DE1475FE14A0222 /* libPods.a */,
			);
			name = Frameworks;
			sourceTree = "<group>";
		};
/* End PBXGroup section */

/* Begin PBXNativeTarget section */
		CC4BFED31C6FA0D200728483 /* VenueLocator */ = {
			isa = PBXNativeTarget;
			buildConfigurationList = CC4BFF011C6FA0D200728483 /* Build configuration list for PBXNativeTarget "VenueLocator" */;
			buildPhases = (
				CC4BFF371C70B52700728483 /* Create FourSquare Client ID/Key container */,
				FE1BA8E3CB9CC3304A5FE65D /* Check Pods Manifest.lock */,
				CC4BFED01C6FA0D200728483 /* Sources */,
				CC4BFED11C6FA0D200728483 /* Frameworks */,
				CC4BFED21C6FA0D200728483 /* Resources */,
				88352693A4EC1835D118DEEE /* Copy Pods Resources */,
			);
			buildRules = (
			);
			dependencies = (
			);
			name = VenueLocator;
			productName = VenueLocator;
			productReference = CC4BFED41C6FA0D200728483 /* VenueLocator.app */;
			productType = "com.apple.product-type.application";
		};
		CC4BFEEC1C6FA0D200728483 /* VenueLocatorTests */ = {
			isa = PBXNativeTarget;
			buildConfigurationList = CC4BFF041C6FA0D200728483 /* Build configuration list for PBXNativeTarget "VenueLocatorTests" */;
			buildPhases = (
				CC4BFEE91C6FA0D200728483 /* Sources */,
				CC4BFEEA1C6FA0D200728483 /* Frameworks */,
				CC4BFEEB1C6FA0D200728483 /* Resources */,
			);
			buildRules = (
			);
			dependencies = (
				CC4BFEEF1C6FA0D200728483 /* PBXTargetDependency */,
			);
			name = VenueLocatorTests;
			productName = VenueLocatorTests;
			productReference = CC4BFEED1C6FA0D200728483 /* VenueLocatorTests.xctest */;
			productType = "com.apple.product-type.bundle.unit-test";
		};
		CC4BFEF71C6FA0D200728483 /* VenueLocatorUITests */ = {
			isa = PBXNativeTarget;
			buildConfigurationList = CC4BFF071C6FA0D200728483 /* Build configuration list for PBXNativeTarget "VenueLocatorUITests" */;
			buildPhases = (
				CC4BFEF41C6FA0D200728483 /* Sources */,
				CC4BFEF51C6FA0D200728483 /* Frameworks */,
				CC4BFEF61C6FA0D200728483 /* Resources */,
			);
			buildRules = (
			);
			dependencies = (
				CC4BFEFA1C6FA0D200728483 /* PBXTargetDependency */,
			);
			name = VenueLocatorUITests;
			productName = VenueLocatorUITests;
			productReference = CC4BFEF81C6FA0D200728483 /* VenueLocatorUITests.xctest */;
			productType = "com.apple.product-type.bundle.ui-testing";
		};
/* End PBXNativeTarget section */

/* Begin PBXProject section */
		CC4BFECC1C6FA0D200728483 /* Project object */ = {
			isa = PBXProject;
			attributes = {
				LastUpgradeCheck = 0720;
				ORGANIZATIONNAME = "Tamas Nemeth";
				TargetAttributes = {
					CC4BFED31C6FA0D200728483 = {
						CreatedOnToolsVersion = 7.2;
						DevelopmentTeam = TH4FJMT8UL;
						SystemCapabilities = {
							com.apple.Maps.iOS = {
								enabled = 1;
							};
						};
					};
					CC4BFEEC1C6FA0D200728483 = {
						CreatedOnToolsVersion = 7.2;
						TestTargetID = CC4BFED31C6FA0D200728483;
					};
					CC4BFEF71C6FA0D200728483 = {
						CreatedOnToolsVersion = 7.2;
						TestTargetID = CC4BFED31C6FA0D200728483;
					};
				};
			};
			buildConfigurationList = CC4BFECF1C6FA0D200728483 /* Build configuration list for PBXProject "VenueLocator" */;
			compatibilityVersion = "Xcode 3.2";
			developmentRegion = English;
			hasScannedForEncodings = 0;
			knownRegions = (
				en,
				Base,
			);
			mainGroup = CC4BFECB1C6FA0D200728483;
			productRefGroup = CC4BFED51C6FA0D200728483 /* Products */;
			projectDirPath = "";
			projectRoot = "";
			targets = (
				CC4BFED31C6FA0D200728483 /* VenueLocator */,
				CC4BFEEC1C6FA0D200728483 /* VenueLocatorTests */,
				CC4BFEF71C6FA0D200728483 /* VenueLocatorUITests */,
			);
		};
/* End PBXProject section */

/* Begin PBXResourcesBuildPhase section */
		CC4BFED21C6FA0D200728483 /* Resources */ = {
			isa = PBXResourcesBuildPhase;
			buildActionMask = 2147483647;
			files = (
				CC4BFEE71C6FA0D200728483 /* LaunchScreen.storyboard in Resources */,
				CC4BFEE41C6FA0D200728483 /* Assets.xcassets in Resources */,
				CC4BFEE21C6FA0D200728483 /* Main.storyboard in Resources */,
			);
			runOnlyForDeploymentPostprocessing = 0;
		};
		CC4BFEEB1C6FA0D200728483 /* Resources */ = {
			isa = PBXResourcesBuildPhase;
			buildActionMask = 2147483647;
			files = (
			);
			runOnlyForDeploymentPostprocessing = 0;
		};
		CC4BFEF61C6FA0D200728483 /* Resources */ = {
			isa = PBXResourcesBuildPhase;
			buildActionMask = 2147483647;
			files = (
			);
			runOnlyForDeploymentPostprocessing = 0;
		};
/* End PBXResourcesBuildPhase section */

/* Begin PBXShellScriptBuildPhase section */
		88352693A4EC1835D118DEEE /* Copy Pods Resources */ = {
			isa = PBXShellScriptBuildPhase;
			buildActionMask = 2147483647;
			files = (
			);
			inputPaths = (
			);
			name = "Copy Pods Resources";
			outputPaths = (
			);
			runOnlyForDeploymentPostprocessing = 0;
			shellPath = /bin/sh;
			shellScript = "\"${SRCROOT}/Pods/Target Support Files/Pods/Pods-resources.sh\"\n";
			showEnvVarsInLog = 0;
		};
		CC4BFF371C70B52700728483 /* Create FourSquare Client ID/Key container */ = {
			isa = PBXShellScriptBuildPhase;
			buildActionMask = 2147483647;
			files = (
			);
			inputPaths = (
			);
			name = "Create FourSquare Client ID/Key container";
			outputPaths = (
			);
			runOnlyForDeploymentPostprocessing = 0;
			shellPath = /bin/sh;
			shellScript = "touch ${SRCROOT}/VenueLocatorKeys.h";
		};
		FE1BA8E3CB9CC3304A5FE65D /* Check Pods Manifest.lock */ = {
			isa = PBXShellScriptBuildPhase;
			buildActionMask = 2147483647;
			files = (
			);
			inputPaths = (
			);
			name = "Check Pods Manifest.lock";
			outputPaths = (
			);
			runOnlyForDeploymentPostprocessing = 0;
			shellPath = /bin/sh;
			shellScript = "diff \"${PODS_ROOT}/../Podfile.lock\" \"${PODS_ROOT}/Manifest.lock\" > /dev/null\nif [[ $? != 0 ]] ; then\n    cat << EOM\nerror: The sandbox is not in sync with the Podfile.lock. Run 'pod install' or update your CocoaPods installation.\nEOM\n    exit 1\nfi\n";
			showEnvVarsInLog = 0;
		};
/* End PBXShellScriptBuildPhase section */

/* Begin PBXSourcesBuildPhase section */
		CC4BFED01C6FA0D200728483 /* Sources */ = {
			isa = PBXSourcesBuildPhase;
			buildActionMask = 2147483647;
			files = (
				CC4BFF241C6FBE8300728483 /* VLIcon.m in Sources */,
				CC4BFEDC1C6FA0D200728483 /* AppDelegate.m in Sources */,
				CC761B751C7159F600613EDC /* VLCompleteVenue.m in Sources */,
				CC11FD581C718E3400CB4073 /* VLTaggedPointAnnotation.m in Sources */,
				CC4BFF2B1C6FC57C00728483 /* VLVenueCardPresenter.m in Sources */,
				CC761B6F1C71583B00613EDC /* VLVenueDetailDescriptionTableViewCell.m in Sources */,
				CC4BFF4A1C71486800728483 /* VLVenueDetailPresenter.m in Sources */,
				CC4BFF1D1C6FB01D00728483 /* VLSearchViewController.m in Sources */,
				CC761B7E1C716A5100613EDC /* VLVenueDetailMapPresenter.m in Sources */,
				CC761B721C71584C00613EDC /* VLVenueDetailMapTableViewCell.m in Sources */,
				CC4BFED91C6FA0D200728483 /* main.m in Sources */,
				CC4BFF1E1C6FB01D00728483 /* VLVenueCardCell.m in Sources */,
				CC4BFF301C6FFAEB00728483 /* VLSearchPresenter.m in Sources */,
				CC4BFF361C700EB200728483 /* VLAPIClient.m in Sources */,
				CC4BFF271C6FBF5900728483 /* VLBaseModel.m in Sources */,
				CC761B6C1C71582100613EDC /* VLVenueDetailInfoTableViewCell.m in Sources */,
				CC761B781C716A2500613EDC /* VLVenueDetailInfoPresenter.m in Sources */,
				CC4BFF211C6FBE6E00728483 /* VLVenue.m in Sources */,
				CC11FD551C718A2400CB4073 /* VLDistanceAnnotation.m in Sources */,
				CC4BFF3F1C710AC400728483 /* VLLocation.m in Sources */,
				CC4BFF331C6FFB3300728483 /* VLVenueList.m in Sources */,
				CC761B7B1C716A3E00613EDC /* VLVenueDetailDescriptionPresenter.m in Sources */,
				CC4BFF471C7142B400728483 /* VLVenueDetailViewController.m in Sources */,
				CC4BFF421C711B2700728483 /* VLLocationManager.m in Sources */,
				CC4BFF3C1C70BD7500728483 /* NSArray+VenueLocator.m in Sources */,
			);
			runOnlyForDeploymentPostprocessing = 0;
		};
		CC4BFEE91C6FA0D200728483 /* Sources */ = {
			isa = PBXSourcesBuildPhase;
			buildActionMask = 2147483647;
			files = (
				CC11FD5A1C71DEC200CB4073 /* VLVenueCardPresenterTestCase.m in Sources */,
				CC4BFEF21C6FA0D200728483 /* VenueLocatorTests.m in Sources */,
			);
			runOnlyForDeploymentPostprocessing = 0;
		};
		CC4BFEF41C6FA0D200728483 /* Sources */ = {
			isa = PBXSourcesBuildPhase;
			buildActionMask = 2147483647;
			files = (
				CC4BFEFD1C6FA0D200728483 /* VenueLocatorUITests.m in Sources */,
			);
			runOnlyForDeploymentPostprocessing = 0;
		};
/* End PBXSourcesBuildPhase section */

/* Begin PBXTargetDependency section */
		CC4BFEEF1C6FA0D200728483 /* PBXTargetDependency */ = {
			isa = PBXTargetDependency;
			target = CC4BFED31C6FA0D200728483 /* VenueLocator */;
			targetProxy = CC4BFEEE1C6FA0D200728483 /* PBXContainerItemProxy */;
		};
		CC4BFEFA1C6FA0D200728483 /* PBXTargetDependency */ = {
			isa = PBXTargetDependency;
			target = CC4BFED31C6FA0D200728483 /* VenueLocator */;
			targetProxy = CC4BFEF91C6FA0D200728483 /* PBXContainerItemProxy */;
		};
/* End PBXTargetDependency section */

/* Begin PBXVariantGroup section */
		CC4BFEE01C6FA0D200728483 /* Main.storyboard */ = {
			isa = PBXVariantGroup;
			children = (
				CC4BFEE11C6FA0D200728483 /* Base */,
			);
			name = Main.storyboard;
			sourceTree = "<group>";
		};
		CC4BFEE51C6FA0D200728483 /* LaunchScreen.storyboard */ = {
			isa = PBXVariantGroup;
			children = (
				CC4BFEE61C6FA0D200728483 /* Base */,
			);
			name = LaunchScreen.storyboard;
			sourceTree = "<group>";
		};
/* End PBXVariantGroup section */

/* Begin XCBuildConfiguration section */
		CC4BFEFF1C6FA0D200728483 /* Debug */ = {
			isa = XCBuildConfiguration;
			buildSettings = {
				ALWAYS_SEARCH_USER_PATHS = NO;
				CLANG_CXX_LANGUAGE_STANDARD = "gnu++0x";
				CLANG_CXX_LIBRARY = "libc++";
				CLANG_ENABLE_MODULES = YES;
				CLANG_ENABLE_OBJC_ARC = YES;
				CLANG_WARN_BOOL_CONVERSION = YES;
				CLANG_WARN_CONSTANT_CONVERSION = YES;
				CLANG_WARN_DIRECT_OBJC_ISA_USAGE = YES_ERROR;
				CLANG_WARN_EMPTY_BODY = YES;
				CLANG_WARN_ENUM_CONVERSION = YES;
				CLANG_WARN_INT_CONVERSION = YES;
				CLANG_WARN_OBJC_ROOT_CLASS = YES_ERROR;
				CLANG_WARN_UNREACHABLE_CODE = YES;
				CLANG_WARN__DUPLICATE_METHOD_MATCH = YES;
				"CODE_SIGN_IDENTITY[sdk=iphoneos*]" = "iPhone Developer";
				COPY_PHASE_STRIP = NO;
				DEBUG_INFORMATION_FORMAT = dwarf;
				ENABLE_STRICT_OBJC_MSGSEND = YES;
				ENABLE_TESTABILITY = YES;
				GCC_C_LANGUAGE_STANDARD = gnu99;
				GCC_DYNAMIC_NO_PIC = NO;
				GCC_NO_COMMON_BLOCKS = YES;
				GCC_OPTIMIZATION_LEVEL = 0;
				GCC_PREPROCESSOR_DEFINITIONS = (
					"DEBUG=1",
					"$(inherited)",
				);
				GCC_WARN_64_TO_32_BIT_CONVERSION = YES;
				GCC_WARN_ABOUT_RETURN_TYPE = YES_ERROR;
				GCC_WARN_UNDECLARED_SELECTOR = YES;
				GCC_WARN_UNINITIALIZED_AUTOS = YES_AGGRESSIVE;
				GCC_WARN_UNUSED_FUNCTION = YES;
				GCC_WARN_UNUSED_VARIABLE = YES;
				IPHONEOS_DEPLOYMENT_TARGET = 9.2;
				MTL_ENABLE_DEBUG_INFO = YES;
				ONLY_ACTIVE_ARCH = YES;
				SDKROOT = iphoneos;
				TARGETED_DEVICE_FAMILY = "1,2";
			};
			name = Debug;
		};
		CC4BFF001C6FA0D200728483 /* Release */ = {
			isa = XCBuildConfiguration;
			buildSettings = {
				ALWAYS_SEARCH_USER_PATHS = NO;
				CLANG_CXX_LANGUAGE_STANDARD = "gnu++0x";
				CLANG_CXX_LIBRARY = "libc++";
				CLANG_ENABLE_MODULES = YES;
				CLANG_ENABLE_OBJC_ARC = YES;
				CLANG_WARN_BOOL_CONVERSION = YES;
				CLANG_WARN_CONSTANT_CONVERSION = YES;
				CLANG_WARN_DIRECT_OBJC_ISA_USAGE = YES_ERROR;
				CLANG_WARN_EMPTY_BODY = YES;
				CLANG_WARN_ENUM_CONVERSION = YES;
				CLANG_WARN_INT_CONVERSION = YES;
				CLANG_WARN_OBJC_ROOT_CLASS = YES_ERROR;
				CLANG_WARN_UNREACHABLE_CODE = YES;
				CLANG_WARN__DUPLICATE_METHOD_MATCH = YES;
				"CODE_SIGN_IDENTITY[sdk=iphoneos*]" = "iPhone Developer";
				COPY_PHASE_STRIP = NO;
				DEBUG_INFORMATION_FORMAT = "dwarf-with-dsym";
				ENABLE_NS_ASSERTIONS = NO;
				ENABLE_STRICT_OBJC_MSGSEND = YES;
				GCC_C_LANGUAGE_STANDARD = gnu99;
				GCC_NO_COMMON_BLOCKS = YES;
				GCC_WARN_64_TO_32_BIT_CONVERSION = YES;
				GCC_WARN_ABOUT_RETURN_TYPE = YES_ERROR;
				GCC_WARN_UNDECLARED_SELECTOR = YES;
				GCC_WARN_UNINITIALIZED_AUTOS = YES_AGGRESSIVE;
				GCC_WARN_UNUSED_FUNCTION = YES;
				GCC_WARN_UNUSED_VARIABLE = YES;
				IPHONEOS_DEPLOYMENT_TARGET = 9.2;
				MTL_ENABLE_DEBUG_INFO = NO;
				SDKROOT = iphoneos;
				TARGETED_DEVICE_FAMILY = "1,2";
				VALIDATE_PRODUCT = YES;
			};
			name = Release;
		};
		CC4BFF021C6FA0D200728483 /* Debug */ = {
			isa = XCBuildConfiguration;
			baseConfigurationReference = 2351648B040D9AF10145B969 /* Pods.debug.xcconfig */;
			buildSettings = {
				ASSETCATALOG_COMPILER_APPICON_NAME = AppIcon;
				CODE_SIGN_IDENTITY = "iPhone Developer";
				GCC_PRECOMPILE_PREFIX_HEADER = YES;
				GCC_PREFIX_HEADER = VenueLocator/VenueLocator.pch;
				INFOPLIST_FILE = VenueLocator/Info.plist;
				LD_RUNPATH_SEARCH_PATHS = "$(inherited) @executable_path/Frameworks";
				PRODUCT_BUNDLE_IDENTIFIER = com.autobutler.VenueLocator;
				PRODUCT_NAME = "$(TARGET_NAME)";
			};
			name = Debug;
		};
		CC4BFF031C6FA0D200728483 /* Release */ = {
			isa = XCBuildConfiguration;
			baseConfigurationReference = E2A3E4C18F0DD0256A0E33F7 /* Pods.release.xcconfig */;
			buildSettings = {
				ASSETCATALOG_COMPILER_APPICON_NAME = AppIcon;
				CODE_SIGN_IDENTITY = "iPhone Developer";
				GCC_PRECOMPILE_PREFIX_HEADER = YES;
				GCC_PREFIX_HEADER = VenueLocator/VenueLocator.pch;
				INFOPLIST_FILE = VenueLocator/Info.plist;
				LD_RUNPATH_SEARCH_PATHS = "$(inherited) @executable_path/Frameworks";
				PRODUCT_BUNDLE_IDENTIFIER = com.autobutler.VenueLocator;
				PRODUCT_NAME = "$(TARGET_NAME)";
			};
			name = Release;
		};
		CC4BFF051C6FA0D200728483 /* Debug */ = {
			isa = XCBuildConfiguration;
			buildSettings = {
				BUNDLE_LOADER = "$(TEST_HOST)";
				INFOPLIST_FILE = VenueLocatorTests/Info.plist;
				LD_RUNPATH_SEARCH_PATHS = "$(inherited) @executable_path/Frameworks @loader_path/Frameworks";
				PRODUCT_BUNDLE_IDENTIFIER = com.nemtom.VenueLocatorTests;
				PRODUCT_NAME = "$(TARGET_NAME)";
				TEST_HOST = "$(BUILT_PRODUCTS_DIR)/VenueLocator.app/VenueLocator";
			};
			name = Debug;
		};
		CC4BFF061C6FA0D200728483 /* Release */ = {
			isa = XCBuildConfiguration;
			buildSettings = {
				BUNDLE_LOADER = "$(TEST_HOST)";
				INFOPLIST_FILE = VenueLocatorTests/Info.plist;
				LD_RUNPATH_SEARCH_PATHS = "$(inherited) @executable_path/Frameworks @loader_path/Frameworks";
				PRODUCT_BUNDLE_IDENTIFIER = com.nemtom.VenueLocatorTests;
				PRODUCT_NAME = "$(TARGET_NAME)";
				TEST_HOST = "$(BUILT_PRODUCTS_DIR)/VenueLocator.app/VenueLocator";
			};
			name = Release;
		};
		CC4BFF081C6FA0D200728483 /* Debug */ = {
			isa = XCBuildConfiguration;
			buildSettings = {
				INFOPLIST_FILE = VenueLocatorUITests/Info.plist;
				LD_RUNPATH_SEARCH_PATHS = "$(inherited) @executable_path/Frameworks @loader_path/Frameworks";
				PRODUCT_BUNDLE_IDENTIFIER = com.nemtom.VenueLocatorUITests;
				PRODUCT_NAME = "$(TARGET_NAME)";
				TEST_TARGET_NAME = VenueLocator;
				USES_XCTRUNNER = YES;
			};
			name = Debug;
		};
		CC4BFF091C6FA0D200728483 /* Release */ = {
			isa = XCBuildConfiguration;
			buildSettings = {
				INFOPLIST_FILE = VenueLocatorUITests/Info.plist;
				LD_RUNPATH_SEARCH_PATHS = "$(inherited) @executable_path/Frameworks @loader_path/Frameworks";
				PRODUCT_BUNDLE_IDENTIFIER = com.nemtom.VenueLocatorUITests;
				PRODUCT_NAME = "$(TARGET_NAME)";
				TEST_TARGET_NAME = VenueLocator;
				USES_XCTRUNNER = YES;
			};
			name = Release;
		};
/* End XCBuildConfiguration section */

/* Begin XCConfigurationList section */
		CC4BFECF1C6FA0D200728483 /* Build configuration list for PBXProject "VenueLocator" */ = {
			isa = XCConfigurationList;
			buildConfigurations = (
				CC4BFEFF1C6FA0D200728483 /* Debug */,
				CC4BFF001C6FA0D200728483 /* Release */,
			);
			defaultConfigurationIsVisible = 0;
			defaultConfigurationName = Release;
		};
		CC4BFF011C6FA0D200728483 /* Build configuration list for PBXNativeTarget "VenueLocator" */ = {
			isa = XCConfigurationList;
			buildConfigurations = (
				CC4BFF021C6FA0D200728483 /* Debug */,
				CC4BFF031C6FA0D200728483 /* Release */,
			);
			defaultConfigurationIsVisible = 0;
			defaultConfigurationName = Release;
		};
		CC4BFF041C6FA0D200728483 /* Build configuration list for PBXNativeTarget "VenueLocatorTests" */ = {
			isa = XCConfigurationList;
			buildConfigurations = (
				CC4BFF051C6FA0D200728483 /* Debug */,
				CC4BFF061C6FA0D200728483 /* Release */,
			);
			defaultConfigurationIsVisible = 0;
			defaultConfigurationName = Release;
		};
		CC4BFF071C6FA0D200728483 /* Build configuration list for PBXNativeTarget "VenueLocatorUITests" */ = {
			isa = XCConfigurationList;
			buildConfigurations = (
				CC4BFF081C6FA0D200728483 /* Debug */,
				CC4BFF091C6FA0D200728483 /* Release */,
			);
			defaultConfigurationIsVisible = 0;
			defaultConfigurationName = Release;
		};
/* End XCConfigurationList section */
	};
	rootObject = CC4BFECC1C6FA0D200728483 /* Project object */;
}
